
Microsoft Visual Studio Solution File, Format Version 12.00
# Visual Studio Version 16
VisualStudioVersion = 16.0.30406.217
MinimumVisualStudioVersion = 10.0.40219.1
Project("{9A19103F-16F7-4668-BE54-9A1E7A4F7556}") = "PyLibSharp", "PyLibSharp\PyLibSharp.csproj", "{B30CDCE1-7AFC-41EA-8A13-5AC3146F7711}"
EndProject
Project("{FAE04EC0-301F-11D3-BF4B-00C04F79EFBC}") = "TestProject", "..\TestProject\TestProject\TestProject.csproj", "{96634720-1057-4909-AB79-4618FA6127D4}"
EndProject
Project("{FAE04EC0-301F-11D3-BF4B-00C04F79EFBC}") = "TestCore", "TestCore\TestCore.csproj", "{02D4204E-2BE2-4C04-A634-AC5F9333C97B}"
EndProject
Global
	GlobalSection(SolutionConfigurationPlatforms) = preSolution
		Debug|Any CPU = Debug|Any CPU
		Release|Any CPU = Release|Any CPU
	EndGlobalSection
	GlobalSection(ProjectConfigurationPlatforms) = postSolution
		{B30CDCE1-7AFC-41EA-8A13-5AC3146F7711}.Debug|Any CPU.ActiveCfg = Debug|Any CPU
		{B30CDCE1-7AFC-41EA-8A13-5AC3146F7711}.Debug|Any CPU.Build.0 = Debug|Any CPU
		{B30CDCE1-7AFC-41EA-8A13-5AC3146F7711}.Release|Any CPU.ActiveCfg = Release|Any CPU
		{B30CDCE1-7AFC-41EA-8A13-5AC3146F7711}.Release|Any CPU.Build.0 = Release|Any CPU
		{96634720-1057-4909-AB79-4618FA6127D4}.Debug|Any CPU.ActiveCfg = Debug|Any CPU
		{96634720-1057-4909-AB79-4618FA6127D4}.Debug|Any CPU.Build.0 = Debug|Any CPU
		{96634720-1057-4909-AB79-4618FA6127D4}.Release|Any CPU.ActiveCfg = Release|Any CPU
		{96634720-1057-4909-AB79-4618FA6127D4}.Release|Any CPU.Build.0 = Release|Any CPU
		{02D4204E-2BE2-4C04-A634-AC5F9333C97B}.Debug|Any CPU.ActiveCfg = Debug|Any CPU
		{02D4204E-2BE2-4C04-A634-AC5F9333C97B}.Debug|Any CPU.Build.0 = Debug|Any CPU
		{02D4204E-2BE2-4C04-A634-AC5F9333C97B}.Release|Any CPU.ActiveCfg = Release|Any CPU
		{02D4204E-2BE2-4C04-A634-AC5F9333C97B}.Release|Any CPU.Build.0 = Release|Any CPU
	EndGlobalSection
	GlobalSection(SolutionProperties) = preSolution
		HideSolutionNode = FALSE
	EndGlobalSection
	GlobalSection(ExtensibilityGlobals) = postSolution
		SolutionGuid = {2F7F1EB0-5706-4C72-953F-8B3789B017DC}
	EndGlobalSection
EndGlobal
